
Microsoft Visual Studio Solution File, Format Version 12.00
# Visual Studio Version 16
VisualStudioVersion = 16.0.36631.11
MinimumVisualStudioVersion = 10.0.40219.1
Project("{FAE04EC0-301F-11D3-BF4B-00C04F79EFBC}") = "Punto", "Punto.csproj", "{185B2CC6-2783-48A5-AD26-2D6127C3B42C}"
EndProject
Global
	GlobalSection(SolutionConfigurationPlatforms) = preSolution
		Debug|Any CPU = Debug|Any CPU
		Release|Any CPU = Release|Any CPU
	EndGlobalSection
	GlobalSection(ProjectConfigurationPlatforms) = postSolution
		{185B2CC6-2783-48A5-AD26-2D6127C3B42C}.Debug|Any CPU.ActiveCfg = Debug|Any CPU
		{185B2CC6-2783-48A5-AD26-2D6127C3B42C}.Debug|Any CPU.Build.0 = Debug|Any CPU
		{185B2CC6-2783-48A5-AD26-2D6127C3B42C}.Release|Any CPU.ActiveCfg = Release|Any CPU
		{185B2CC6-2783-48A5-AD26-2D6127C3B42C}.Release|Any CPU.Build.0 = Release|Any CPU
	EndGlobalSection
	GlobalSection(SolutionProperties) = preSolution
		HideSolutionNode = FALSE
	EndGlobalSection
	GlobalSection(ExtensibilityGlobals) = postSolution
		SolutionGuid = {821A232E-7DA4-4F11-9702-9685ACD4E352}
	EndGlobalSection
EndGlobal
